{
  "name": "@sonabuild/protocols",
  "version": "0.1.2",
  "lockfileVersion": 3,
  "requires": true,
  "packages": {
    "": {
      "name": "@sonabuild/protocols",
      "version": "0.1.2",
      "license": "UNLICENSED",
      "dependencies": {
        "@solana/addresses": "^4.0.0",
        "@solana/compat": "^4.0.0",
        "@solana/functional": "^4.0.0",
        "@solana/instructions": "^4.0.0",
        "@solana/rpc": "^4.0.0",
        "@solana/transaction-messages": "^4.0.0",
        "@solana/transactions": "^4.0.0",
        "zod": "^4.1.12"
      },
      "devDependencies": {
        "dotenv": "^16.4.5"
      }
    },
    "node_modules/@solana/addresses": {
      "version": "4.0.0",
      "license": "MIT",
      "dependencies": {
        "@solana/assertions": "4.0.0",
        "@solana/codecs-core": "4.0.0",
        "@solana/codecs-strings": "4.0.0",
        "@solana/errors": "4.0.0",
        "@solana/nominal-types": "4.0.0"
      },
      "engines": {
        "node": ">=20.18.0"
      },
      "peerDependencies": {
        "typescript": ">=5.3.3"
      }
    },
    "node_modules/@solana/assertions": {
      "version": "4.0.0",
      "license": "MIT",
      "dependencies": {
        "@solana/errors": "4.0.0"
      },
      "engines": {
        "node": ">=20.18.0"
      },
      "peerDependencies": {
        "typescript": ">=5.3.3"
      }
    },
    "node_modules/@solana/codecs-core": {
      "version": "4.0.0",
      "license": "MIT",
      "dependencies": {
        "@solana/errors": "4.0.0"
      },
      "engines": {
        "node": ">=20.18.0"
      },
      "peerDependencies": {
        "typescript": ">=5.3.3"
      }
    },
    "node_modules/@solana/codecs-data-structures": {
      "version": "4.0.0",
      "license": "MIT",
      "dependencies": {
        "@solana/codecs-core": "4.0.0",
        "@solana/codecs-numbers": "4.0.0",
        "@solana/errors": "4.0.0"
      },
      "engines": {
        "node": ">=20.18.0"
      },
      "peerDependencies": {
        "typescript": ">=5.3.3"
      }
    },
    "node_modules/@solana/codecs-numbers": {
      "version": "4.0.0",
      "license": "MIT",
      "dependencies": {
        "@solana/codecs-core": "4.0.0",
        "@solana/errors": "4.0.0"
      },
      "engines": {
        "node": ">=20.18.0"
      },
      "peerDependencies": {
        "typescript": ">=5.3.3"
      }
    },
    "node_modules/@solana/codecs-strings": {
      "version": "4.0.0",
      "license": "MIT",
      "dependencies": {
        "@solana/codecs-core": "4.0.0",
        "@solana/codecs-numbers": "4.0.0",
        "@solana/errors": "4.0.0"
      },
      "engines": {
        "node": ">=20.18.0"
      },
      "peerDependencies": {
        "fastestsmallesttextencoderdecoder": "^1.0.22",
        "typescript": ">=5.3.3"
      }
    },
    "node_modules/@solana/compat": {
      "version": "4.0.0",
      "license": "MIT",
      "dependencies": {
        "@solana/addresses": "4.0.0",
        "@solana/codecs-core": "4.0.0",
        "@solana/errors": "4.0.0",
        "@solana/instructions": "4.0.0",
        "@solana/keys": "4.0.0",
        "@solana/transactions": "4.0.0"
      },
      "engines": {
        "node": ">=20.18.0"
      },
      "peerDependencies": {
        "typescript": ">=5.3.3"
      }
    },
    "node_modules/@solana/errors": {
      "version": "4.0.0",
      "license": "MIT",
      "dependencies": {
        "chalk": "5.6.2",
        "commander": "14.0.1"
      },
      "bin": {
        "errors": "bin/cli.mjs"
      },
      "engines": {
        "node": ">=20.18.0"
      },
      "peerDependencies": {
        "typescript": ">=5.3.3"
      }
    },
    "node_modules/@solana/fast-stable-stringify": {
      "version": "4.0.0",
      "license": "MIT",
      "engines": {
        "node": ">=20.18.0"
      },
      "peerDependencies": {
        "typescript": ">=5.3.3"
      }
    },
    "node_modules/@solana/functional": {
      "version": "4.0.0",
      "license": "MIT",
      "engines": {
        "node": ">=20.18.0"
      },
      "peerDependencies": {
        "typescript": ">=5.3.3"
      }
    },
    "node_modules/@solana/instructions": {
      "version": "4.0.0",
      "license": "MIT",
      "dependencies": {
        "@solana/codecs-core": "4.0.0",
        "@solana/errors": "4.0.0"
      },
      "engines": {
        "node": ">=20.18.0"
      },
      "peerDependencies": {
        "typescript": ">=5.3.3"
      }
    },
    "node_modules/@solana/keys": {
      "version": "4.0.0",
      "license": "MIT",
      "dependencies": {
        "@solana/assertions": "4.0.0",
        "@solana/codecs-core": "4.0.0",
        "@solana/codecs-strings": "4.0.0",
        "@solana/errors": "4.0.0",
        "@solana/nominal-types": "4.0.0"
      },
      "engines": {
        "node": ">=20.18.0"
      },
      "peerDependencies": {
        "typescript": ">=5.3.3"
      }
    },
    "node_modules/@solana/nominal-types": {
      "version": "4.0.0",
      "license": "MIT",
      "engines": {
        "node": ">=20.18.0"
      },
      "peerDependencies": {
        "typescript": ">=5.3.3"
      }
    },
    "node_modules/@solana/rpc": {
      "version": "4.0.0",
      "license": "MIT",
      "dependencies": {
        "@solana/errors": "4.0.0",
        "@solana/fast-stable-stringify": "4.0.0",
        "@solana/functional": "4.0.0",
        "@solana/rpc-api": "4.0.0",
        "@solana/rpc-spec": "4.0.0",
        "@solana/rpc-spec-types": "4.0.0",
        "@solana/rpc-transformers": "4.0.0",
        "@solana/rpc-transport-http": "4.0.0",
        "@solana/rpc-types": "4.0.0"
      },
      "engines": {
        "node": ">=20.18.0"
      },
      "peerDependencies": {
        "typescript": ">=5.3.3"
      }
    },
    "node_modules/@solana/rpc-api": {
      "version": "4.0.0",
      "license": "MIT",
      "dependencies": {
        "@solana/addresses": "4.0.0",
        "@solana/codecs-core": "4.0.0",
        "@solana/codecs-strings": "4.0.0",
        "@solana/errors": "4.0.0",
        "@solana/keys": "4.0.0",
        "@solana/rpc-parsed-types": "4.0.0",
        "@solana/rpc-spec": "4.0.0",
        "@solana/rpc-transformers": "4.0.0",
        "@solana/rpc-types": "4.0.0",
        "@solana/transaction-messages": "4.0.0",
        "@solana/transactions": "4.0.0"
      },
      "engines": {
        "node": ">=20.18.0"
      },
      "peerDependencies": {
        "typescript": ">=5.3.3"
      }
    },
    "node_modules/@solana/rpc-parsed-types": {
      "version": "4.0.0",
      "license": "MIT",
      "engines": {
        "node": ">=20.18.0"
      },
      "peerDependencies": {
        "typescript": ">=5.3.3"
      }
    },
    "node_modules/@solana/rpc-spec": {
      "version": "4.0.0",
      "license": "MIT",
      "dependencies": {
        "@solana/errors": "4.0.0",
        "@solana/rpc-spec-types": "4.0.0"
      },
      "engines": {
        "node": ">=20.18.0"
      },
      "peerDependencies": {
        "typescript": ">=5.3.3"
      }
    },
    "node_modules/@solana/rpc-spec-types": {
      "version": "4.0.0",
      "license": "MIT",
      "engines": {
        "node": ">=20.18.0"
      },
      "peerDependencies": {
        "typescript": ">=5.3.3"
      }
    },
    "node_modules/@solana/rpc-transformers": {
      "version": "4.0.0",
      "license": "MIT",
      "dependencies": {
        "@solana/errors": "4.0.0",
        "@solana/functional": "4.0.0",
        "@solana/nominal-types": "4.0.0",
        "@solana/rpc-spec-types": "4.0.0",
        "@solana/rpc-types": "4.0.0"
      },
      "engines": {
        "node": ">=20.18.0"
      },
      "peerDependencies": {
        "typescript": ">=5.3.3"
      }
    },
    "node_modules/@solana/rpc-transport-http": {
      "version": "4.0.0",
      "license": "MIT",
      "dependencies": {
        "@solana/errors": "4.0.0",
        "@solana/rpc-spec": "4.0.0",
        "@solana/rpc-spec-types": "4.0.0",
        "undici-types": "^7.16.0"
      },
      "engines": {
        "node": ">=20.18.0"
      },
      "peerDependencies": {
        "typescript": ">=5.3.3"
      }
    },
    "node_modules/@solana/rpc-types": {
      "version": "4.0.0",
      "license": "MIT",
      "dependencies": {
        "@solana/addresses": "4.0.0",
        "@solana/codecs-core": "4.0.0",
        "@solana/codecs-numbers": "4.0.0",
        "@solana/codecs-strings": "4.0.0",
        "@solana/errors": "4.0.0",
        "@solana/nominal-types": "4.0.0"
      },
      "engines": {
        "node": ">=20.18.0"
      },
      "peerDependencies": {
        "typescript": ">=5.3.3"
      }
    },
    "node_modules/@solana/transaction-messages": {
      "version": "4.0.0",
      "license": "MIT",
      "dependencies": {
        "@solana/addresses": "4.0.0",
        "@solana/codecs-core": "4.0.0",
        "@solana/codecs-data-structures": "4.0.0",
        "@solana/codecs-numbers": "4.0.0",
        "@solana/errors": "4.0.0",
        "@solana/functional": "4.0.0",
        "@solana/instructions": "4.0.0",
        "@solana/nominal-types": "4.0.0",
        "@solana/rpc-types": "4.0.0"
      },
      "engines": {
        "node": ">=20.18.0"
      },
      "peerDependencies": {
        "typescript": ">=5.3.3"
      }
    },
    "node_modules/@solana/transactions": {
      "version": "4.0.0",
      "license": "MIT",
      "dependencies": {
        "@solana/addresses": "4.0.0",
        "@solana/codecs-core": "4.0.0",
        "@solana/codecs-data-structures": "4.0.0",
        "@solana/codecs-numbers": "4.0.0",
        "@solana/codecs-strings": "4.0.0",
        "@solana/errors": "4.0.0",
        "@solana/functional": "4.0.0",
        "@solana/instructions": "4.0.0",
        "@solana/keys": "4.0.0",
        "@solana/nominal-types": "4.0.0",
        "@solana/rpc-types": "4.0.0",
        "@solana/transaction-messages": "4.0.0"
      },
      "engines": {
        "node": ">=20.18.0"
      },
      "peerDependencies": {
        "typescript": ">=5.3.3"
      }
    },
    "node_modules/chalk": {
      "version": "5.6.2",
      "license": "MIT",
      "engines": {
        "node": "^12.17.0 || ^14.13 || >=16.0.0"
      },
      "funding": {
        "url": "https://github.com/chalk/chalk?sponsor=1"
      }
    },
    "node_modules/commander": {
      "version": "14.0.1",
      "license": "MIT",
      "engines": {
        "node": ">=20"
      }
    },
    "node_modules/dotenv": {
      "version": "16.6.1",
      "dev": true,
      "license": "BSD-2-Clause",
      "engines": {
        "node": ">=12"
      },
      "funding": {
        "url": "https://dotenvx.com"
      }
    },
    "node_modules/fastestsmallesttextencoderdecoder": {
      "version": "1.0.22",
      "license": "CC0-1.0",
      "peer": true
    },
    "node_modules/typescript": {
      "version": "5.9.3",
      "license": "Apache-2.0",
      "peer": true,
      "bin": {
        "tsc": "bin/tsc",
        "tsserver": "bin/tsserver"
      },
      "engines": {
        "node": ">=14.17"
      }
    },
    "node_modules/undici-types": {
      "version": "7.16.0",
      "license": "MIT"
    },
    "node_modules/zod": {
      "version": "4.1.12",
      "resolved": "https://registry.npmjs.org/zod/-/zod-4.1.12.tgz",
      "integrity": "sha512-JInaHOamG8pt5+Ey8kGmdcAcg3OL9reK8ltczgHTAwNhMys/6ThXHityHxVV2p3fkw/c+MAvBHFVYHFZDmjMCQ==",
      "license": "MIT",
      "funding": {
        "url": "https://github.com/sponsors/colinhacks"
      }
    }
  }
}
